// !$*UTF8*$!
{
	archiveVersion = 1;
	classes = {
	};
	objectVersion = 46;
	objects = {

/* Begin PBXBuildFile section */
		BF0069211EC4EAD0004DC195 /* AppDelegate.swift in Sources */ = {isa = PBXBuildFile; fileRef = BF0069201EC4EAD0004DC195 /* AppDelegate.swift */; };
		BF0069281EC4EAD0004DC195 /* Main.storyboard in Resources */ = {isa = PBXBuildFile; fileRef = BF0069261EC4EAD0004DC195 /* Main.storyboard */; };
		BF00692A1EC4EAD0004DC195 /* Assets.xcassets in Resources */ = {isa = PBXBuildFile; fileRef = BF0069291EC4EAD0004DC195 /* Assets.xcassets */; };
		BF00692D1EC4EAD0004DC195 /* LaunchScreen.storyboard in Resources */ = {isa = PBXBuildFile; fileRef = BF00692B1EC4EAD0004DC195 /* LaunchScreen.storyboard */; };
		BF0069351EC4F3AA004DC195 /* MyOctoViewCell.swift in Sources */ = {isa = PBXBuildFile; fileRef = BF0069341EC4F3AA004DC195 /* MyOctoViewCell.swift */; };
		BF5023481FB969F90001542D /* Bedtime_Goodnight.mp3 in Resources */ = {isa = PBXBuildFile; fileRef = BF50233E1FB969F80001542D /* Bedtime_Goodnight.mp3 */; };
		BF5023491FB969F90001542D /* Bedtime_AreYouWarm.mp3 in Resources */ = {isa = PBXBuildFile; fileRef = BF50233F1FB969F80001542D /* Bedtime_AreYouWarm.mp3 */; };
		BF50234A1FB969F90001542D /* Bedtime_ReadABook.mp3 in Resources */ = {isa = PBXBuildFile; fileRef = BF5023401FB969F80001542D /* Bedtime_ReadABook.mp3 */; };
		BF50234B1FB969F90001542D /* Bedtime_PutAwayBook.mp3 in Resources */ = {isa = PBXBuildFile; fileRef = BF5023411FB969F90001542D /* Bedtime_PutAwayBook.mp3 */; };
		BF50234C1FB969F90001542D /* Bedtime_LookTheMoon.mp3 in Resources */ = {isa = PBXBuildFile; fileRef = BF5023421FB969F90001542D /* Bedtime_LookTheMoon.mp3 */; };
		BF50234D1FB969F90001542D /* Bedtime_TurnOffLights.mp3 in Resources */ = {isa = PBXBuildFile; fileRef = BF5023431FB969F90001542D /* Bedtime_TurnOffLights.mp3 */; };
		BF50234E1FB969F90001542D /* Bedtime_Quiet.mp3 in Resources */ = {isa = PBXBuildFile; fileRef = BF5023441FB969F90001542D /* Bedtime_Quiet.mp3 */; };
		BF50234F1FB969F90001542D /* Bedtime_BrushYourTeeth.mp3 in Resources */ = {isa = PBXBuildFile; fileRef = BF5023451FB969F90001542D /* Bedtime_BrushYourTeeth.mp3 */; };
		BF5023501FB969F90001542D /* Bedtime_TimeToSleep.mp3 in Resources */ = {isa = PBXBuildFile; fileRef = BF5023461FB969F90001542D /* Bedtime_TimeToSleep.mp3 */; };
		BF5023511FB969F90001542D /* Bedtime_ChangeIntoPajamas.mp3 in Resources */ = {isa = PBXBuildFile; fileRef = BF5023471FB969F90001542D /* Bedtime_ChangeIntoPajamas.mp3 */; };
		BF5023751FBC08530001542D /* Playtime_StandUp.mp3 in Resources */ = {isa = PBXBuildFile; fileRef = BF5023521FBC08500001542D /* Playtime_StandUp.mp3 */; };
		BF5023761FBC08530001542D /* Playtime_YourEyeHere.mp3 in Resources */ = {isa = PBXBuildFile; fileRef = BF5023531FBC08500001542D /* Playtime_YourEyeHere.mp3 */; };
		BF5023771FBC08530001542D /* Playtime_GoodJob.mp3 in Resources */ = {isa = PBXBuildFile; fileRef = BF5023541FBC08500001542D /* Playtime_GoodJob.mp3 */; };
		BF5023781FBC08530001542D /* Playtime_CanNot.mp3 in Resources */ = {isa = PBXBuildFile; fileRef = BF5023551FBC08500001542D /* Playtime_CanNot.mp3 */; };
		BF5023791FBC08530001542D /* Playtime_YourMouthHere.mp3 in Resources */ = {isa = PBXBuildFile; fileRef = BF5023561FBC08500001542D /* Playtime_YourMouthHere.mp3 */; };
		BF50237A1FBC08530001542D /* Playtime_WheresMom.mp3 in Resources */ = {isa = PBXBuildFile; fileRef = BF5023571FBC08500001542D /* Playtime_WheresMom.mp3 */; };
		BF50237B1FBC08530001542D /* Playtime_Let'sTakeTurns.mp3 in Resources */ = {isa = PBXBuildFile; fileRef = BF5023581FBC08500001542D /* Playtime_Let'sTakeTurns.mp3 */; };
		BF50237C1FBC08530001542D /* Playtime_PushToy.mp3 in Resources */ = {isa = PBXBuildFile; fileRef = BF5023591FBC08500001542D /* Playtime_PushToy.mp3 */; };
		BF50237D1FBC08530001542D /* Playtime_PlayBall.mp3 in Resources */ = {isa = PBXBuildFile; fileRef = BF50235A1FBC08500001542D /* Playtime_PlayBall.mp3 */; };
		BF50237E1FBC08530001542D /* Playtime_WheresNose.mp3 in Resources */ = {isa = PBXBuildFile; fileRef = BF50235B1FBC08510001542D /* Playtime_WheresNose.mp3 */; };
		BF50237F1FBC08530001542D /* Playtime_CatchBall.mp3 in Resources */ = {isa = PBXBuildFile; fileRef = BF50235C1FBC08510001542D /* Playtime_CatchBall.mp3 */; };
		BF5023801FBC08530001542D /* Playtime_WantToJump.mp3 in Resources */ = {isa = PBXBuildFile; fileRef = BF50235D1FBC08510001542D /* Playtime_WantToJump.mp3 */; };
		BF5023811FBC08530001542D /* Playtime_WhereAreYou.mp3 in Resources */ = {isa = PBXBuildFile; fileRef = BF50235E1FBC08510001542D /* Playtime_WhereAreYou.mp3 */; };
		BF5023821FBC08530001542D /* Playtime_OneMoreStep.mp3 in Resources */ = {isa = PBXBuildFile; fileRef = BF50235F1FBC08510001542D /* Playtime_OneMoreStep.mp3 */; };
		BF5023831FBC08530001542D /* Playtime_WheresHead.mp3 in Resources */ = {isa = PBXBuildFile; fileRef = BF5023601FBC08510001542D /* Playtime_WheresHead.mp3 */; };
		BF5023841FBC08530001542D /* Playtime_ScissorRockCloth.mp3 in Resources */ = {isa = PBXBuildFile; fileRef = BF5023611FBC08510001542D /* Playtime_ScissorRockCloth.mp3 */; };
		BF5023851FBC08530001542D /* Playtime_YourHeadHere.mp3 in Resources */ = {isa = PBXBuildFile; fileRef = BF5023621FBC08510001542D /* Playtime_YourHeadHere.mp3 */; };
		BF5023861FBC08530001542D /* Playtime_GiveMeToy.mp3 in Resources */ = {isa = PBXBuildFile; fileRef = BF5023631FBC08510001542D /* Playtime_GiveMeToy.mp3 */; };
		BF5023871FBC08530001542D /* Playtime_Fly.mp3 in Resources */ = {isa = PBXBuildFile; fileRef = BF5023641FBC08510001542D /* Playtime_Fly.mp3 */; };
		BF5023881FBC08530001542D /* Playtime_Singing.mp3 in Resources */ = {isa = PBXBuildFile; fileRef = BF5023651FBC08520001542D /* Playtime_Singing.mp3 */; };
		BF5023891FBC08530001542D /* Playtime_WhyCrying.mp3 in Resources */ = {isa = PBXBuildFile; fileRef = BF5023661FBC08520001542D /* Playtime_WhyCrying.mp3 */; };
		BF50238A1FBC08530001542D /* Playtime_YouAreDrooling.mp3 in Resources */ = {isa = PBXBuildFile; fileRef = BF5023671FBC08520001542D /* Playtime_YouAreDrooling.mp3 */; };
		BF50238B1FBC08530001542D /* Playtime_PutAwayToys.mp3 in Resources */ = {isa = PBXBuildFile; fileRef = BF5023681FBC08520001542D /* Playtime_PutAwayToys.mp3 */; };
		BF50238C1FBC08530001542D /* Playtime_CrawlOver.mp3 in Resources */ = {isa = PBXBuildFile; fileRef = BF5023691FBC08520001542D /* Playtime_CrawlOver.mp3 */; };
		BF50238D1FBC08530001542D /* Playtime_ClapHands.mp3 in Resources */ = {isa = PBXBuildFile; fileRef = BF50236A1FBC08520001542D /* Playtime_ClapHands.mp3 */; };
		BF50238E1FBC08530001542D /* Playtime_ThrowBall.mp3 in Resources */ = {isa = PBXBuildFile; fileRef = BF50236B1FBC08520001542D /* Playtime_ThrowBall.mp3 */; };
		BF50238F1FBC08530001542D /* Playtime_WhatsYourName.mp3 in Resources */ = {isa = PBXBuildFile; fileRef = BF50236C1FBC08520001542D /* Playtime_WhatsYourName.mp3 */; };
		BF5023901FBC08530001542D /* Playtime_WheresMouth.mp3 in Resources */ = {isa = PBXBuildFile; fileRef = BF50236D1FBC08520001542D /* Playtime_WheresMouth.mp3 */; };
		BF5023911FBC08530001542D /* Playtime_Jump.mp3 in Resources */ = {isa = PBXBuildFile; fileRef = BF50236E1FBC08520001542D /* Playtime_Jump.mp3 */; };
		BF5023921FBC08530001542D /* Playtime_YourNoseHere.mp3 in Resources */ = {isa = PBXBuildFile; fileRef = BF50236F1FBC08530001542D /* Playtime_YourNoseHere.mp3 */; };
		BF5023931FBC08530001542D /* Playtime_WheresDad.mp3 in Resources */ = {isa = PBXBuildFile; fileRef = BF5023701FBC08530001542D /* Playtime_WheresDad.mp3 */; };
		BF5023941FBC08530001542D /* Playtime_ComeOver.mp3 in Resources */ = {isa = PBXBuildFile; fileRef = BF5023711FBC08530001542D /* Playtime_ComeOver.mp3 */; };
		BF5023951FBC08530001542D /* Playtime_TakeOutToys.mp3 in Resources */ = {isa = PBXBuildFile; fileRef = BF5023721FBC08530001542D /* Playtime_TakeOutToys.mp3 */; };
		BF5023961FBC08530001542D /* Playtime_Dancing.mp3 in Resources */ = {isa = PBXBuildFile; fileRef = BF5023731FBC08530001542D /* Playtime_Dancing.mp3 */; };
		BF5023971FBC08530001542D /* Playtime_WheresEye.mp3 in Resources */ = {isa = PBXBuildFile; fileRef = BF5023741FBC08530001542D /* Playtime_WheresEye.mp3 */; };
		BFBB9E2C1ECF393800DA1C37 /* OctoCard.swift in Sources */ = {isa = PBXBuildFile; fileRef = BFBB9E2B1ECF393800DA1C37 /* OctoCard.swift */; };
		BFD1C7971F44FD9D00B50984 /* UPCarouselFlowLayout.swift in Sources */ = {isa = PBXBuildFile; fileRef = BFD1C7961F44FD9D00B50984 /* UPCarouselFlowLayout.swift */; };
		BFE07D241ED5F14D003FA4BA /* GotItTableViewController.swift in Sources */ = {isa = PBXBuildFile; fileRef = BFE07D231ED5F14D003FA4BA /* GotItTableViewController.swift */; };
		BFE07D261ED5F837003FA4BA /* GotItCategoryTableViewController.swift in Sources */ = {isa = PBXBuildFile; fileRef = BFE07D251ED5F837003FA4BA /* GotItCategoryTableViewController.swift */; };
		BFE2C7E41EE74A18004F20F0 /* ContactViewController.swift in Sources */ = {isa = PBXBuildFile; fileRef = BFE2C7E31EE74A18004F20F0 /* ContactViewController.swift */; };
		BFE2C7E81EE99789004F20F0 /* SettingsTableViewController.swift in Sources */ = {isa = PBXBuildFile; fileRef = BFE2C7E71EE99789004F20F0 /* SettingsTableViewController.swift */; };
		FA09E90F1ECB968D003AF8CE /* Category.json in Resources */ = {isa = PBXBuildFile; fileRef = FA09E90E1ECB968D003AF8CE /* Category.json */; };
		FA09E9141ECB989A003AF8CE /* MyOcto.storyboard in Resources */ = {isa = PBXBuildFile; fileRef = FA09E9131ECB989A003AF8CE /* MyOcto.storyboard */; };
		FA09E9161ECB98E7003AF8CE /* PickOne.storyboard in Resources */ = {isa = PBXBuildFile; fileRef = FA09E9151ECB98E7003AF8CE /* PickOne.storyboard */; };
		FA09E9181ECB990B003AF8CE /* GotIt.storyboard in Resources */ = {isa = PBXBuildFile; fileRef = FA09E9171ECB990B003AF8CE /* GotIt.storyboard */; };
		FA09E91E1ECBBF89003AF8CE /* SubCategory.swift in Sources */ = {isa = PBXBuildFile; fileRef = FA09E91D1ECBBF89003AF8CE /* SubCategory.swift */; };
		FA09E9201ECBC05B003AF8CE /* Item.swift in Sources */ = {isa = PBXBuildFile; fileRef = FA09E91F1ECBC05B003AF8CE /* Item.swift */; };
		FA09E9221ECBC21A003AF8CE /* Category.swift in Sources */ = {isa = PBXBuildFile; fileRef = FA09E9211ECBC21A003AF8CE /* Category.swift */; };
		FA09E9251ECBC5B8003AF8CE /* CategoryManager.swift in Sources */ = {isa = PBXBuildFile; fileRef = FA09E9241ECBC5B8003AF8CE /* CategoryManager.swift */; };
		FA09E92D1ECBCCCF003AF8CE /* PickOneCollectionViewController.swift in Sources */ = {isa = PBXBuildFile; fileRef = FA09E92C1ECBCCCF003AF8CE /* PickOneCollectionViewController.swift */; };
		FA09E92F1ECBCCE4003AF8CE /* PickOneCollectionViewCell.swift in Sources */ = {isa = PBXBuildFile; fileRef = FA09E92E1ECBCCE4003AF8CE /* PickOneCollectionViewCell.swift */; };
		FA4D3D4D1EE70CFB00B7CBE6 /* AboutViewController.swift in Sources */ = {isa = PBXBuildFile; fileRef = FA4D3D4C1EE70CFB00B7CBE6 /* AboutViewController.swift */; };
		FA4D3D751EEA1B7900B7CBE6 /* CustomInfantCardViewController.swift in Sources */ = {isa = PBXBuildFile; fileRef = FA4D3D741EEA1B7900B7CBE6 /* CustomInfantCardViewController.swift */; };
		FA6A096B1ECF6829000457C2 /* PickOneCollectionReusableView.swift in Sources */ = {isa = PBXBuildFile; fileRef = FA6A096A1ECF6829000457C2 /* PickOneCollectionReusableView.swift */; };
		FA6A09701ECF88D6000457C2 /* UIViewControllerExtension.swift in Sources */ = {isa = PBXBuildFile; fileRef = FA6A096F1ECF88D6000457C2 /* UIViewControllerExtension.swift */; };
		FA6A09731ECF9AFA000457C2 /* InfantCardsViewController.swift in Sources */ = {isa = PBXBuildFile; fileRef = FA6A09721ECF9AFA000457C2 /* InfantCardsViewController.swift */; };
		FA6A09751ED11869000457C2 /* InfantCard.storyboard in Resources */ = {isa = PBXBuildFile; fileRef = FA6A09741ED11869000457C2 /* InfantCard.storyboard */; };
		FA6A09781ED158F4000457C2 /* SlideMenuController.swift in Sources */ = {isa = PBXBuildFile; fileRef = FA6A09771ED158F4000457C2 /* SlideMenuController.swift */; };
		FA6A097A1ED15A7A000457C2 /* Root.storyboard in Resources */ = {isa = PBXBuildFile; fileRef = FA6A09791ED15A7A000457C2 /* Root.storyboard */; };
		FA6A097C1ED15AAF000457C2 /* RootViewController.swift in Sources */ = {isa = PBXBuildFile; fileRef = FA6A097B1ED15AAF000457C2 /* RootViewController.swift */; };
		FA6A097E1ED15B0A000457C2 /* LeftNavigation.storyboard in Resources */ = {isa = PBXBuildFile; fileRef = FA6A097D1ED15B0A000457C2 /* LeftNavigation.storyboard */; };
		FA6A09801ED15B47000457C2 /* LeftNavigationTableViewController.swift in Sources */ = {isa = PBXBuildFile; fileRef = FA6A097F1ED15B47000457C2 /* LeftNavigationTableViewController.swift */; };
		FA6A09841ED161B3000457C2 /* TabBarController.swift in Sources */ = {isa = PBXBuildFile; fileRef = FA6A09831ED161B3000457C2 /* TabBarController.swift */; };
		FA6A09861ED48C73000457C2 /* MyOctoTableViewController.swift in Sources */ = {isa = PBXBuildFile; fileRef = FA6A09851ED48C73000457C2 /* MyOctoTableViewController.swift */; };
		FA6A098A1ED73F31000457C2 /* InfantCardsPageViewController.swift in Sources */ = {isa = PBXBuildFile; fileRef = FA6A09891ED73F31000457C2 /* InfantCardsPageViewController.swift */; };
		FA6A098C1ED7767F000457C2 /* InfantContainerViewController.swift in Sources */ = {isa = PBXBuildFile; fileRef = FA6A098B1ED7767F000457C2 /* InfantContainerViewController.swift */; };
		FA6A098D1ED8ACBC000457C2 /* FileManager.swift in Sources */ = {isa = PBXBuildFile; fileRef = FA6A09871ED6A95B000457C2 /* FileManager.swift */; };
		FA6A09AF1EDDF474000457C2 /* CollectionExtension.swift in Sources */ = {isa = PBXBuildFile; fileRef = FA6A09AE1EDDF474000457C2 /* CollectionExtension.swift */; };
		FA6A09B11EDE00BE000457C2 /* Card.swift in Sources */ = {isa = PBXBuildFile; fileRef = FA6A09B01EDE00BE000457C2 /* Card.swift */; };
		FAE45A931EF3449300DA515A /* InfantCardCollectionViewController.swift in Sources */ = {isa = PBXBuildFile; fileRef = FAE45A921EF3449300DA515A /* InfantCardCollectionViewController.swift */; };
		FAE45A951EF344A800DA515A /* InfantCardCollectionViewCell.swift in Sources */ = {isa = PBXBuildFile; fileRef = FAE45A941EF344A800DA515A /* InfantCardCollectionViewCell.swift */; };
		FAE45A971EF344CC00DA515A /* InfantCardLayout.swift in Sources */ = {isa = PBXBuildFile; fileRef = FAE45A961EF344CC00DA515A /* InfantCardLayout.swift */; };
/* End PBXBuildFile section */

/* Begin PBXFileReference section */
		BF00691D1EC4EAD0004DC195 /* Octo Cards.app */ = {isa = PBXFileReference; explicitFileType = wrapper.application; includeInIndex = 0; path = "Octo Cards.app"; sourceTree = BUILT_PRODUCTS_DIR; };
		BF0069201EC4EAD0004DC195 /* AppDelegate.swift */ = {isa = PBXFileReference; lastKnownFileType = sourcecode.swift; path = AppDelegate.swift; sourceTree = "<group>"; };
		BF0069271EC4EAD0004DC195 /* Base */ = {isa = PBXFileReference; lastKnownFileType = file.storyboard; name = Base; path = Base.lproj/Main.storyboard; sourceTree = "<group>"; };
		BF0069291EC4EAD0004DC195 /* Assets.xcassets */ = {isa = PBXFileReference; lastKnownFileType = folder.assetcatalog; path = Assets.xcassets; sourceTree = "<group>"; };
		BF00692C1EC4EAD0004DC195 /* Base */ = {isa = PBXFileReference; lastKnownFileType = file.storyboard; name = Base; path = Base.lproj/LaunchScreen.storyboard; sourceTree = "<group>"; };
		BF00692E1EC4EAD0004DC195 /* Info.plist */ = {isa = PBXFileReference; lastKnownFileType = text.plist.xml; path = Info.plist; sourceTree = "<group>"; };
		BF0069341EC4F3AA004DC195 /* MyOctoViewCell.swift */ = {isa = PBXFileReference; fileEncoding = 4; lastKnownFileType = sourcecode.swift; path = MyOctoViewCell.swift; sourceTree = "<group>"; };
		BF50233E1FB969F80001542D /* Bedtime_Goodnight.mp3 */ = {isa = PBXFileReference; lastKnownFileType = audio.mp3; name = Bedtime_Goodnight.mp3; path = "../../../../Google Drive/Octo/Infant Cards/Audio/Bedtime /Bedtime_Goodnight.mp3"; sourceTree = "<group>"; };
		BF50233F1FB969F80001542D /* Bedtime_AreYouWarm.mp3 */ = {isa = PBXFileReference; lastKnownFileType = audio.mp3; name = Bedtime_AreYouWarm.mp3; path = "../../../../Google Drive/Octo/Infant Cards/Audio/Bedtime /Bedtime_AreYouWarm.mp3"; sourceTree = "<group>"; };
		BF5023401FB969F80001542D /* Bedtime_ReadABook.mp3 */ = {isa = PBXFileReference; lastKnownFileType = audio.mp3; name = Bedtime_ReadABook.mp3; path = "../../../../Google Drive/Octo/Infant Cards/Audio/Bedtime /Bedtime_ReadABook.mp3"; sourceTree = "<group>"; };
		BF5023411FB969F90001542D /* Bedtime_PutAwayBook.mp3 */ = {isa = PBXFileReference; lastKnownFileType = audio.mp3; name = Bedtime_PutAwayBook.mp3; path = "../../../../Google Drive/Octo/Infant Cards/Audio/Bedtime /Bedtime_PutAwayBook.mp3"; sourceTree = "<group>"; };
		BF5023421FB969F90001542D /* Bedtime_LookTheMoon.mp3 */ = {isa = PBXFileReference; lastKnownFileType = audio.mp3; name = Bedtime_LookTheMoon.mp3; path = "../../../../Google Drive/Octo/Infant Cards/Audio/Bedtime /Bedtime_LookTheMoon.mp3"; sourceTree = "<group>"; };
		BF5023431FB969F90001542D /* Bedtime_TurnOffLights.mp3 */ = {isa = PBXFileReference; lastKnownFileType = audio.mp3; name = Bedtime_TurnOffLights.mp3; path = "../../../../Google Drive/Octo/Infant Cards/Audio/Bedtime /Bedtime_TurnOffLights.mp3"; sourceTree = "<group>"; };
		BF5023441FB969F90001542D /* Bedtime_Quiet.mp3 */ = {isa = PBXFileReference; lastKnownFileType = audio.mp3; name = Bedtime_Quiet.mp3; path = "../../../../Google Drive/Octo/Infant Cards/Audio/Bedtime /Bedtime_Quiet.mp3"; sourceTree = "<group>"; };
		BF5023451FB969F90001542D /* Bedtime_BrushYourTeeth.mp3 */ = {isa = PBXFileReference; lastKnownFileType = audio.mp3; name = Bedtime_BrushYourTeeth.mp3; path = "../../../../Google Drive/Octo/Infant Cards/Audio/Bedtime /Bedtime_BrushYourTeeth.mp3"; sourceTree = "<group>"; };
		BF5023461FB969F90001542D /* Bedtime_TimeToSleep.mp3 */ = {isa = PBXFileReference; lastKnownFileType = audio.mp3; name = Bedtime_TimeToSleep.mp3; path = "../../../../Google Drive/Octo/Infant Cards/Audio/Bedtime /Bedtime_TimeToSleep.mp3"; sourceTree = "<group>"; };
		BF5023471FB969F90001542D /* Bedtime_ChangeIntoPajamas.mp3 */ = {isa = PBXFileReference; lastKnownFileType = audio.mp3; name = Bedtime_ChangeIntoPajamas.mp3; path = "../../../../Google Drive/Octo/Infant Cards/Audio/Bedtime /Bedtime_ChangeIntoPajamas.mp3"; sourceTree = "<group>"; };
		BF5023521FBC08500001542D /* Playtime_StandUp.mp3 */ = {isa = PBXFileReference; lastKnownFileType = audio.mp3; name = Playtime_StandUp.mp3; path = "../../../../Google Drive/Octo/Infant Cards/Audio/Playtime/Playtime_StandUp.mp3"; sourceTree = "<group>"; };
		BF5023531FBC08500001542D /* Playtime_YourEyeHere.mp3 */ = {isa = PBXFileReference; lastKnownFileType = audio.mp3; name = Playtime_YourEyeHere.mp3; path = "../../../../Google Drive/Octo/Infant Cards/Audio/Playtime/Playtime_YourEyeHere.mp3"; sourceTree = "<group>"; };
		BF5023541FBC08500001542D /* Playtime_GoodJob.mp3 */ = {isa = PBXFileReference; lastKnownFileType = audio.mp3; name = Playtime_GoodJob.mp3; path = "../../../../Google Drive/Octo/Infant Cards/Audio/Playtime/Playtime_GoodJob.mp3"; sourceTree = "<group>"; };
		BF5023551FBC08500001542D /* Playtime_CanNot.mp3 */ = {isa = PBXFileReference; lastKnownFileType = audio.mp3; name = Playtime_CanNot.mp3; path = "../../../../Google Drive/Octo/Infant Cards/Audio/Playtime/Playtime_CanNot.mp3"; sourceTree = "<group>"; };
		BF5023561FBC08500001542D /* Playtime_YourMouthHere.mp3 */ = {isa = PBXFileReference; lastKnownFileType = audio.mp3; name = Playtime_YourMouthHere.mp3; path = "../../../../Google Drive/Octo/Infant Cards/Audio/Playtime/Playtime_YourMouthHere.mp3"; sourceTree = "<group>"; };
		BF5023571FBC08500001542D /* Playtime_WheresMom.mp3 */ = {isa = PBXFileReference; lastKnownFileType = audio.mp3; name = Playtime_WheresMom.mp3; path = "../../../../Google Drive/Octo/Infant Cards/Audio/Playtime/Playtime_WheresMom.mp3"; sourceTree = "<group>"; };
		BF5023581FBC08500001542D /* Playtime_Let'sTakeTurns.mp3 */ = {isa = PBXFileReference; lastKnownFileType = audio.mp3; name = "Playtime_Let'sTakeTurns.mp3"; path = "../../../../Google Drive/Octo/Infant Cards/Audio/Playtime/Playtime_Let'sTakeTurns.mp3"; sourceTree = "<group>"; };
		BF5023591FBC08500001542D /* Playtime_PushToy.mp3 */ = {isa = PBXFileReference; lastKnownFileType = audio.mp3; name = Playtime_PushToy.mp3; path = "../../../../Google Drive/Octo/Infant Cards/Audio/Playtime/Playtime_PushToy.mp3"; sourceTree = "<group>"; };
		BF50235A1FBC08500001542D /* Playtime_PlayBall.mp3 */ = {isa = PBXFileReference; lastKnownFileType = audio.mp3; name = Playtime_PlayBall.mp3; path = "../../../../Google Drive/Octo/Infant Cards/Audio/Playtime/Playtime_PlayBall.mp3"; sourceTree = "<group>"; };
		BF50235B1FBC08510001542D /* Playtime_WheresNose.mp3 */ = {isa = PBXFileReference; lastKnownFileType = audio.mp3; name = Playtime_WheresNose.mp3; path = "../../../../Google Drive/Octo/Infant Cards/Audio/Playtime/Playtime_WheresNose.mp3"; sourceTree = "<group>"; };
		BF50235C1FBC08510001542D /* Playtime_CatchBall.mp3 */ = {isa = PBXFileReference; lastKnownFileType = audio.mp3; name = Playtime_CatchBall.mp3; path = "../../../../Google Drive/Octo/Infant Cards/Audio/Playtime/Playtime_CatchBall.mp3"; sourceTree = "<group>"; };
		BF50235D1FBC08510001542D /* Playtime_WantToJump.mp3 */ = {isa = PBXFileReference; lastKnownFileType = audio.mp3; name = Playtime_WantToJump.mp3; path = "../../../../Google Drive/Octo/Infant Cards/Audio/Playtime/Playtime_WantToJump.mp3"; sourceTree = "<group>"; };
		BF50235E1FBC08510001542D /* Playtime_WhereAreYou.mp3 */ = {isa = PBXFileReference; lastKnownFileType = audio.mp3; name = Playtime_WhereAreYou.mp3; path = "../../../../Google Drive/Octo/Infant Cards/Audio/Playtime/Playtime_WhereAreYou.mp3"; sourceTree = "<group>"; };
		BF50235F1FBC08510001542D /* Playtime_OneMoreStep.mp3 */ = {isa = PBXFileReference; lastKnownFileType = audio.mp3; name = Playtime_OneMoreStep.mp3; path = "../../../../Google Drive/Octo/Infant Cards/Audio/Playtime/Playtime_OneMoreStep.mp3"; sourceTree = "<group>"; };
		BF5023601FBC08510001542D /* Playtime_WheresHead.mp3 */ = {isa = PBXFileReference; lastKnownFileType = audio.mp3; name = Playtime_WheresHead.mp3; path = "../../../../Google Drive/Octo/Infant Cards/Audio/Playtime/Playtime_WheresHead.mp3"; sourceTree = "<group>"; };
		BF5023611FBC08510001542D /* Playtime_ScissorRockCloth.mp3 */ = {isa = PBXFileReference; lastKnownFileType = audio.mp3; name = Playtime_ScissorRockCloth.mp3; path = "../../../../Google Drive/Octo/Infant Cards/Audio/Playtime/Playtime_ScissorRockCloth.mp3"; sourceTree = "<group>"; };
		BF5023621FBC08510001542D /* Playtime_YourHeadHere.mp3 */ = {isa = PBXFileReference; lastKnownFileType = audio.mp3; name = Playtime_YourHeadHere.mp3; path = "../../../../Google Drive/Octo/Infant Cards/Audio/Playtime/Playtime_YourHeadHere.mp3"; sourceTree = "<group>"; };
		BF5023631FBC08510001542D /* Playtime_GiveMeToy.mp3 */ = {isa = PBXFileReference; lastKnownFileType = audio.mp3; name = Playtime_GiveMeToy.mp3; path = "../../../../Google Drive/Octo/Infant Cards/Audio/Playtime/Playtime_GiveMeToy.mp3"; sourceTree = "<group>"; };
		BF5023641FBC08510001542D /* Playtime_Fly.mp3 */ = {isa = PBXFileReference; lastKnownFileType = audio.mp3; name = Playtime_Fly.mp3; path = "../../../../Google Drive/Octo/Infant Cards/Audio/Playtime/Playtime_Fly.mp3"; sourceTree = "<group>"; };
		BF5023651FBC08520001542D /* Playtime_Singing.mp3 */ = {isa = PBXFileReference; lastKnownFileType = audio.mp3; name = Playtime_Singing.mp3; path = "../../../../Google Drive/Octo/Infant Cards/Audio/Playtime/Playtime_Singing.mp3"; sourceTree = "<group>"; };
		BF5023661FBC08520001542D /* Playtime_WhyCrying.mp3 */ = {isa = PBXFileReference; lastKnownFileType = audio.mp3; name = Playtime_WhyCrying.mp3; path = "../../../../Google Drive/Octo/Infant Cards/Audio/Playtime/Playtime_WhyCrying.mp3"; sourceTree = "<group>"; };
		BF5023671FBC08520001542D /* Playtime_YouAreDrooling.mp3 */ = {isa = PBXFileReference; lastKnownFileType = audio.mp3; name = Playtime_YouAreDrooling.mp3; path = "../../../../Google Drive/Octo/Infant Cards/Audio/Playtime/Playtime_YouAreDrooling.mp3"; sourceTree = "<group>"; };
		BF5023681FBC08520001542D /* Playtime_PutAwayToys.mp3 */ = {isa = PBXFileReference; lastKnownFileType = audio.mp3; name = Playtime_PutAwayToys.mp3; path = "../../../../Google Drive/Octo/Infant Cards/Audio/Playtime/Playtime_PutAwayToys.mp3"; sourceTree = "<group>"; };
		BF5023691FBC08520001542D /* Playtime_CrawlOver.mp3 */ = {isa = PBXFileReference; lastKnownFileType = audio.mp3; name = Playtime_CrawlOver.mp3; path = "../../../../Google Drive/Octo/Infant Cards/Audio/Playtime/Playtime_CrawlOver.mp3"; sourceTree = "<group>"; };
		BF50236A1FBC08520001542D /* Playtime_ClapHands.mp3 */ = {isa = PBXFileReference; lastKnownFileType = audio.mp3; name = Playtime_ClapHands.mp3; path = "../../../../Google Drive/Octo/Infant Cards/Audio/Playtime/Playtime_ClapHands.mp3"; sourceTree = "<group>"; };
		BF50236B1FBC08520001542D /* Playtime_ThrowBall.mp3 */ = {isa = PBXFileReference; lastKnownFileType = audio.mp3; name = Playtime_ThrowBall.mp3; path = "../../../../Google Drive/Octo/Infant Cards/Audio/Playtime/Playtime_ThrowBall.mp3"; sourceTree = "<group>"; };
		BF50236C1FBC08520001542D /* Playtime_WhatsYourName.mp3 */ = {isa = PBXFileReference; lastKnownFileType = audio.mp3; name = Playtime_WhatsYourName.mp3; path = "../../../../Google Drive/Octo/Infant Cards/Audio/Playtime/Playtime_WhatsYourName.mp3"; sourceTree = "<group>"; };
		BF50236D1FBC08520001542D /* Playtime_WheresMouth.mp3 */ = {isa = PBXFileReference; lastKnownFileType = audio.mp3; name = Playtime_WheresMouth.mp3; path = "../../../../Google Drive/Octo/Infant Cards/Audio/Playtime/Playtime_WheresMouth.mp3"; sourceTree = "<group>"; };
		BF50236E1FBC08520001542D /* Playtime_Jump.mp3 */ = {isa = PBXFileReference; lastKnownFileType = audio.mp3; name = Playtime_Jump.mp3; path = "../../../../Google Drive/Octo/Infant Cards/Audio/Playtime/Playtime_Jump.mp3"; sourceTree = "<group>"; };
		BF50236F1FBC08530001542D /* Playtime_YourNoseHere.mp3 */ = {isa = PBXFileReference; lastKnownFileType = audio.mp3; name = Playtime_YourNoseHere.mp3; path = "../../../../Google Drive/Octo/Infant Cards/Audio/Playtime/Playtime_YourNoseHere.mp3"; sourceTree = "<group>"; };
		BF5023701FBC08530001542D /* Playtime_WheresDad.mp3 */ = {isa = PBXFileReference; lastKnownFileType = audio.mp3; name = Playtime_WheresDad.mp3; path = "../../../../Google Drive/Octo/Infant Cards/Audio/Playtime/Playtime_WheresDad.mp3"; sourceTree = "<group>"; };
		BF5023711FBC08530001542D /* Playtime_ComeOver.mp3 */ = {isa = PBXFileReference; lastKnownFileType = audio.mp3; name = Playtime_ComeOver.mp3; path = "../../../../Google Drive/Octo/Infant Cards/Audio/Playtime/Playtime_ComeOver.mp3"; sourceTree = "<group>"; };
		BF5023721FBC08530001542D /* Playtime_TakeOutToys.mp3 */ = {isa = PBXFileReference; lastKnownFileType = audio.mp3; name = Playtime_TakeOutToys.mp3; path = "../../../../Google Drive/Octo/Infant Cards/Audio/Playtime/Playtime_TakeOutToys.mp3"; sourceTree = "<group>"; };
		BF5023731FBC08530001542D /* Playtime_Dancing.mp3 */ = {isa = PBXFileReference; lastKnownFileType = audio.mp3; name = Playtime_Dancing.mp3; path = "../../../../Google Drive/Octo/Infant Cards/Audio/Playtime/Playtime_Dancing.mp3"; sourceTree = "<group>"; };
		BF5023741FBC08530001542D /* Playtime_WheresEye.mp3 */ = {isa = PBXFileReference; lastKnownFileType = audio.mp3; name = Playtime_WheresEye.mp3; path = "../../../../Google Drive/Octo/Infant Cards/Audio/Playtime/Playtime_WheresEye.mp3"; sourceTree = "<group>"; };
		BF6D13C41EEF16190061B441 /* AVFoundation.framework */ = {isa = PBXFileReference; lastKnownFileType = wrapper.framework; name = AVFoundation.framework; path = System/Library/Frameworks/AVFoundation.framework; sourceTree = SDKROOT; };
		BFBB9E2B1ECF393800DA1C37 /* OctoCard.swift */ = {isa = PBXFileReference; fileEncoding = 4; lastKnownFileType = sourcecode.swift; path = OctoCard.swift; sourceTree = "<group>"; };
		BFD1C7961F44FD9D00B50984 /* UPCarouselFlowLayout.swift */ = {isa = PBXFileReference; fileEncoding = 4; lastKnownFileType = sourcecode.swift; path = UPCarouselFlowLayout.swift; sourceTree = "<group>"; };
		BFE07D231ED5F14D003FA4BA /* GotItTableViewController.swift */ = {isa = PBXFileReference; fileEncoding = 4; lastKnownFileType = sourcecode.swift; name = GotItTableViewController.swift; path = GotIt/GotItTableViewController.swift; sourceTree = "<group>"; };
		BFE07D251ED5F837003FA4BA /* GotItCategoryTableViewController.swift */ = {isa = PBXFileReference; fileEncoding = 4; lastKnownFileType = sourcecode.swift; name = GotItCategoryTableViewController.swift; path = GotIt/GotItCategoryTableViewController.swift; sourceTree = "<group>"; };
		BFE2C7E31EE74A18004F20F0 /* ContactViewController.swift */ = {isa = PBXFileReference; fileEncoding = 4; lastKnownFileType = sourcecode.swift; path = ContactViewController.swift; sourceTree = "<group>"; };
		BFE2C7E71EE99789004F20F0 /* SettingsTableViewController.swift */ = {isa = PBXFileReference; fileEncoding = 4; lastKnownFileType = sourcecode.swift; path = SettingsTableViewController.swift; sourceTree = "<group>"; };
		FA09E90E1ECB968D003AF8CE /* Category.json */ = {isa = PBXFileReference; fileEncoding = 4; lastKnownFileType = text.json; path = Category.json; sourceTree = "<group>"; };
		FA09E9131ECB989A003AF8CE /* MyOcto.storyboard */ = {isa = PBXFileReference; fileEncoding = 4; lastKnownFileType = file.storyboard; name = MyOcto.storyboard; path = Storyboards/MyOcto.storyboard; sourceTree = "<group>"; };
		FA09E9151ECB98E7003AF8CE /* PickOne.storyboard */ = {isa = PBXFileReference; fileEncoding = 4; lastKnownFileType = file.storyboard; name = PickOne.storyboard; path = Storyboards/PickOne.storyboard; sourceTree = "<group>"; };
		FA09E9171ECB990B003AF8CE /* GotIt.storyboard */ = {isa = PBXFileReference; fileEncoding = 4; lastKnownFileType = file.storyboard; name = GotIt.storyboard; path = Storyboards/GotIt.storyboard; sourceTree = "<group>"; };
		FA09E91D1ECBBF89003AF8CE /* SubCategory.swift */ = {isa = PBXFileReference; fileEncoding = 4; lastKnownFileType = sourcecode.swift; name = SubCategory.swift; path = Model/SubCategory.swift; sourceTree = "<group>"; };
		FA09E91F1ECBC05B003AF8CE /* Item.swift */ = {isa = PBXFileReference; fileEncoding = 4; lastKnownFileType = sourcecode.swift; name = Item.swift; path = Model/Item.swift; sourceTree = "<group>"; };
		FA09E9211ECBC21A003AF8CE /* Category.swift */ = {isa = PBXFileReference; fileEncoding = 4; lastKnownFileType = sourcecode.swift; name = Category.swift; path = Model/Category.swift; sourceTree = "<group>"; };
		FA09E9241ECBC5B8003AF8CE /* CategoryManager.swift */ = {isa = PBXFileReference; fileEncoding = 4; lastKnownFileType = sourcecode.swift; name = CategoryManager.swift; path = Managers/CategoryManager.swift; sourceTree = "<group>"; };
		FA09E92C1ECBCCCF003AF8CE /* PickOneCollectionViewController.swift */ = {isa = PBXFileReference; fileEncoding = 4; lastKnownFileType = sourcecode.swift; path = PickOneCollectionViewController.swift; sourceTree = "<group>"; };
		FA09E92E1ECBCCE4003AF8CE /* PickOneCollectionViewCell.swift */ = {isa = PBXFileReference; fileEncoding = 4; lastKnownFileType = sourcecode.swift; path = PickOneCollectionViewCell.swift; sourceTree = "<group>"; };
		FA4D3D4C1EE70CFB00B7CBE6 /* AboutViewController.swift */ = {isa = PBXFileReference; fileEncoding = 4; lastKnownFileType = sourcecode.swift; path = AboutViewController.swift; sourceTree = "<group>"; };
		FA4D3D741EEA1B7900B7CBE6 /* CustomInfantCardViewController.swift */ = {isa = PBXFileReference; fileEncoding = 4; lastKnownFileType = sourcecode.swift; name = CustomInfantCardViewController.swift; path = ViewControllers/Detail/CustomInfantCardViewController.swift; sourceTree = "<group>"; };
		FA6A096A1ECF6829000457C2 /* PickOneCollectionReusableView.swift */ = {isa = PBXFileReference; fileEncoding = 4; lastKnownFileType = sourcecode.swift; path = PickOneCollectionReusableView.swift; sourceTree = "<group>"; };
		FA6A096F1ECF88D6000457C2 /* UIViewControllerExtension.swift */ = {isa = PBXFileReference; fileEncoding = 4; lastKnownFileType = sourcecode.swift; path = UIViewControllerExtension.swift; sourceTree = "<group>"; };
		FA6A09721ECF9AFA000457C2 /* InfantCardsViewController.swift */ = {isa = PBXFileReference; fileEncoding = 4; lastKnownFileType = sourcecode.swift; name = InfantCardsViewController.swift; path = ViewControllers/Detail/InfantCardsViewController.swift; sourceTree = "<group>"; };
		FA6A09741ED11869000457C2 /* InfantCard.storyboard */ = {isa = PBXFileReference; fileEncoding = 4; lastKnownFileType = file.storyboard; name = InfantCard.storyboard; path = Storyboards/InfantCard.storyboard; sourceTree = "<group>"; };
		FA6A09771ED158F4000457C2 /* SlideMenuController.swift */ = {isa = PBXFileReference; fileEncoding = 4; lastKnownFileType = sourcecode.swift; path = SlideMenuController.swift; sourceTree = "<group>"; };
		FA6A09791ED15A7A000457C2 /* Root.storyboard */ = {isa = PBXFileReference; fileEncoding = 4; lastKnownFileType = file.storyboard; path = Root.storyboard; sourceTree = "<group>"; };
		FA6A097B1ED15AAF000457C2 /* RootViewController.swift */ = {isa = PBXFileReference; fileEncoding = 4; lastKnownFileType = sourcecode.swift; name = RootViewController.swift; path = ViewControllers/RootViewController.swift; sourceTree = "<group>"; };
		FA6A097D1ED15B0A000457C2 /* LeftNavigation.storyboard */ = {isa = PBXFileReference; fileEncoding = 4; lastKnownFileType = file.storyboard; path = LeftNavigation.storyboard; sourceTree = "<group>"; };
		FA6A097F1ED15B47000457C2 /* LeftNavigationTableViewController.swift */ = {isa = PBXFileReference; fileEncoding = 4; lastKnownFileType = sourcecode.swift; name = LeftNavigationTableViewController.swift; path = ViewControllers/LeftNavigationTableViewController.swift; sourceTree = "<group>"; };
		FA6A09831ED161B3000457C2 /* TabBarController.swift */ = {isa = PBXFileReference; fileEncoding = 4; lastKnownFileType = sourcecode.swift; name = TabBarController.swift; path = ViewControllers/TabBarController.swift; sourceTree = "<group>"; };
		FA6A09851ED48C73000457C2 /* MyOctoTableViewController.swift */ = {isa = PBXFileReference; fileEncoding = 4; lastKnownFileType = sourcecode.swift; path = MyOctoTableViewController.swift; sourceTree = "<group>"; };
		FA6A09871ED6A95B000457C2 /* FileManager.swift */ = {isa = PBXFileReference; fileEncoding = 4; lastKnownFileType = sourcecode.swift; name = FileManager.swift; path = Managers/FileManager.swift; sourceTree = "<group>"; };
		FA6A09891ED73F31000457C2 /* InfantCardsPageViewController.swift */ = {isa = PBXFileReference; fileEncoding = 4; lastKnownFileType = sourcecode.swift; name = InfantCardsPageViewController.swift; path = ViewControllers/Detail/InfantCardsPageViewController.swift; sourceTree = "<group>"; };
		FA6A098B1ED7767F000457C2 /* InfantContainerViewController.swift */ = {isa = PBXFileReference; fileEncoding = 4; lastKnownFileType = sourcecode.swift; name = InfantContainerViewController.swift; path = ViewControllers/Detail/InfantContainerViewController.swift; sourceTree = "<group>"; };
		FA6A09AE1EDDF474000457C2 /* CollectionExtension.swift */ = {isa = PBXFileReference; fileEncoding = 4; lastKnownFileType = sourcecode.swift; path = CollectionExtension.swift; sourceTree = "<group>"; };
		FA6A09B01EDE00BE000457C2 /* Card.swift */ = {isa = PBXFileReference; fileEncoding = 4; lastKnownFileType = sourcecode.swift; name = Card.swift; path = Model/Card.swift; sourceTree = "<group>"; };
		FAE45A921EF3449300DA515A /* InfantCardCollectionViewController.swift */ = {isa = PBXFileReference; fileEncoding = 4; lastKnownFileType = sourcecode.swift; name = InfantCardCollectionViewController.swift; path = ViewControllers/Detail/InfantCardCollectionViewController.swift; sourceTree = "<group>"; };
		FAE45A941EF344A800DA515A /* InfantCardCollectionViewCell.swift */ = {isa = PBXFileReference; fileEncoding = 4; lastKnownFileType = sourcecode.swift; name = InfantCardCollectionViewCell.swift; path = ViewControllers/Detail/InfantCardCollectionViewCell.swift; sourceTree = "<group>"; };
		FAE45A961EF344CC00DA515A /* InfantCardLayout.swift */ = {isa = PBXFileReference; fileEncoding = 4; lastKnownFileType = sourcecode.swift; name = InfantCardLayout.swift; path = ViewControllers/Detail/InfantCardLayout.swift; sourceTree = "<group>"; };
/* End PBXFileReference section */

/* Begin PBXFrameworksBuildPhase section */
		BF00691A1EC4EAD0004DC195 /* Frameworks */ = {
			isa = PBXFrameworksBuildPhase;
			buildActionMask = 2147483647;
			files = (
			);
			runOnlyForDeploymentPostprocessing = 0;
		};
/* End PBXFrameworksBuildPhase section */

/* Begin PBXGroup section */
		BF0069141EC4EAD0004DC195 = {
			isa = PBXGroup;
			children = (
				BF00691F1EC4EAD0004DC195 /* Octo Cards */,
				BF00691E1EC4EAD0004DC195 /* Products */,
				BF6D13C31EEF16180061B441 /* Frameworks */,
			);
			sourceTree = "<group>";
		};
		BF00691E1EC4EAD0004DC195 /* Products */ = {
			isa = PBXGroup;
			children = (
				BF00691D1EC4EAD0004DC195 /* Octo Cards.app */,
			);
			name = Products;
			sourceTree = "<group>";
		};
		BF00691F1EC4EAD0004DC195 /* Octo Cards */ = {
			isa = PBXGroup;
			children = (
				FA6A09761ED158F4000457C2 /* External */,
				FA6A096E1ECF88D6000457C2 /* Extensions */,
				FA09E9291ECBCC41003AF8CE /* ControllerCells */,
				FA09E9261ECBCBCB003AF8CE /* ViewControllers */,
				FA09E9231ECBC595003AF8CE /* Managers */,
				FA09E91C1ECBBF4B003AF8CE /* Model */,
				FA09E90A1ECA5086003AF8CE /* Resources */,
				BF0069201EC4EAD0004DC195 /* AppDelegate.swift */,
				FA6A09791ED15A7A000457C2 /* Root.storyboard */,
				BF0069261EC4EAD0004DC195 /* Main.storyboard */,
				FA09E9121ECB97DE003AF8CE /* Storyboards */,
				BF0069291EC4EAD0004DC195 /* Assets.xcassets */,
				BF6D13C21EEF14610061B441 /* Audio */,
				BF00692B1EC4EAD0004DC195 /* LaunchScreen.storyboard */,
				BF00692E1EC4EAD0004DC195 /* Info.plist */,
			);
			path = "Octo Cards";
			sourceTree = "<group>";
		};
		BF6D13C21EEF14610061B441 /* Audio */ = {
			isa = PBXGroup;
			children = (
				BF5023551FBC08500001542D /* Playtime_CanNot.mp3 */,
				BF50235C1FBC08510001542D /* Playtime_CatchBall.mp3 */,
				BF50236A1FBC08520001542D /* Playtime_ClapHands.mp3 */,
				BF5023711FBC08530001542D /* Playtime_ComeOver.mp3 */,
				BF5023691FBC08520001542D /* Playtime_CrawlOver.mp3 */,
				BF5023731FBC08530001542D /* Playtime_Dancing.mp3 */,
				BF5023641FBC08510001542D /* Playtime_Fly.mp3 */,
				BF5023631FBC08510001542D /* Playtime_GiveMeToy.mp3 */,
				BF5023541FBC08500001542D /* Playtime_GoodJob.mp3 */,
				BF50236E1FBC08520001542D /* Playtime_Jump.mp3 */,
				BF5023581FBC08500001542D /* Playtime_Let'sTakeTurns.mp3 */,
				BF50235F1FBC08510001542D /* Playtime_OneMoreStep.mp3 */,
				BF50235A1FBC08500001542D /* Playtime_PlayBall.mp3 */,
				BF5023591FBC08500001542D /* Playtime_PushToy.mp3 */,
				BF5023681FBC08520001542D /* Playtime_PutAwayToys.mp3 */,
				BF5023611FBC08510001542D /* Playtime_ScissorRockCloth.mp3 */,
				BF5023651FBC08520001542D /* Playtime_Singing.mp3 */,
				BF5023521FBC08500001542D /* Playtime_StandUp.mp3 */,
				BF5023721FBC08530001542D /* Playtime_TakeOutToys.mp3 */,
				BF50236B1FBC08520001542D /* Playtime_ThrowBall.mp3 */,
				BF50235D1FBC08510001542D /* Playtime_WantToJump.mp3 */,
				BF50236C1FBC08520001542D /* Playtime_WhatsYourName.mp3 */,
				BF50235E1FBC08510001542D /* Playtime_WhereAreYou.mp3 */,
				BF5023701FBC08530001542D /* Playtime_WheresDad.mp3 */,
				BF5023741FBC08530001542D /* Playtime_WheresEye.mp3 */,
				BF5023601FBC08510001542D /* Playtime_WheresHead.mp3 */,
				BF5023571FBC08500001542D /* Playtime_WheresMom.mp3 */,
				BF50236D1FBC08520001542D /* Playtime_WheresMouth.mp3 */,
				BF50235B1FBC08510001542D /* Playtime_WheresNose.mp3 */,
				BF5023661FBC08520001542D /* Playtime_WhyCrying.mp3 */,
				BF5023671FBC08520001542D /* Playtime_YouAreDrooling.mp3 */,
				BF5023531FBC08500001542D /* Playtime_YourEyeHere.mp3 */,
				BF5023621FBC08510001542D /* Playtime_YourHeadHere.mp3 */,
				BF5023561FBC08500001542D /* Playtime_YourMouthHere.mp3 */,
				BF50236F1FBC08530001542D /* Playtime_YourNoseHere.mp3 */,
				BF50233F1FB969F80001542D /* Bedtime_AreYouWarm.mp3 */,
				BF5023451FB969F90001542D /* Bedtime_BrushYourTeeth.mp3 */,
				BF5023471FB969F90001542D /* Bedtime_ChangeIntoPajamas.mp3 */,
				BF50233E1FB969F80001542D /* Bedtime_Goodnight.mp3 */,
				BF5023421FB969F90001542D /* Bedtime_LookTheMoon.mp3 */,
				BF5023411FB969F90001542D /* Bedtime_PutAwayBook.mp3 */,
				BF5023441FB969F90001542D /* Bedtime_Quiet.mp3 */,
				BF5023401FB969F80001542D /* Bedtime_ReadABook.mp3 */,
				BF5023461FB969F90001542D /* Bedtime_TimeToSleep.mp3 */,
				BF5023431FB969F90001542D /* Bedtime_TurnOffLights.mp3 */,
			);
			name = Audio;
			path = ..;
			sourceTree = "<group>";
		};
		BF6D13C31EEF16180061B441 /* Frameworks */ = {
			isa = PBXGroup;
			children = (
				BF6D13C41EEF16190061B441 /* AVFoundation.framework */,
			);
			name = Frameworks;
			sourceTree = "<group>";
		};
		BFBB9E281ECF358700DA1C37 /* MyOcto */ = {
			isa = PBXGroup;
			children = (
				BFBB9E2B1ECF393800DA1C37 /* OctoCard.swift */,
				BF0069341EC4F3AA004DC195 /* MyOctoViewCell.swift */,
				FA6A09851ED48C73000457C2 /* MyOctoTableViewController.swift */,
			);
			name = MyOcto;
			sourceTree = "<group>";
		};
		BFE07D221ED5F09A003FA4BA /* GotIt */ = {
			isa = PBXGroup;
			children = (
				BFE07D231ED5F14D003FA4BA /* GotItTableViewController.swift */,
				BFE07D251ED5F837003FA4BA /* GotItCategoryTableViewController.swift */,
			);
			name = GotIt;
			sourceTree = "<group>";
		};
		FA09E90A1ECA5086003AF8CE /* Resources */ = {
			isa = PBXGroup;
			children = (
				FA09E90B1ECA5086003AF8CE /* JSON */,
			);
			path = Resources;
			sourceTree = "<group>";
		};
		FA09E90B1ECA5086003AF8CE /* JSON */ = {
			isa = PBXGroup;
			children = (
				FA09E90E1ECB968D003AF8CE /* Category.json */,
			);
			path = JSON;
			sourceTree = "<group>";
		};
		FA09E9121ECB97DE003AF8CE /* Storyboards */ = {
			isa = PBXGroup;
			children = (
				FA09E9131ECB989A003AF8CE /* MyOcto.storyboard */,
				FA09E9151ECB98E7003AF8CE /* PickOne.storyboard */,
				FA09E9171ECB990B003AF8CE /* GotIt.storyboard */,
				FA6A09741ED11869000457C2 /* InfantCard.storyboard */,
				FA6A097D1ED15B0A000457C2 /* LeftNavigation.storyboard */,
			);
			name = Storyboards;
			sourceTree = "<group>";
		};
		FA09E91C1ECBBF4B003AF8CE /* Model */ = {
			isa = PBXGroup;
			children = (
				FA09E9211ECBC21A003AF8CE /* Category.swift */,
				FA09E91D1ECBBF89003AF8CE /* SubCategory.swift */,
				FA09E91F1ECBC05B003AF8CE /* Item.swift */,
				FA6A09B01EDE00BE000457C2 /* Card.swift */,
			);
			name = Model;
			sourceTree = "<group>";
		};
		FA09E9231ECBC595003AF8CE /* Managers */ = {
			isa = PBXGroup;
			children = (
				FA09E9241ECBC5B8003AF8CE /* CategoryManager.swift */,
				FA6A09871ED6A95B000457C2 /* FileManager.swift */,
			);
			name = Managers;
			sourceTree = "<group>";
		};
		FA09E9261ECBCBCB003AF8CE /* ViewControllers */ = {
			isa = PBXGroup;
			children = (
				FA4D3D4B1EE70CFB00B7CBE6 /* LeftNavControllers */,
				FA6A09711ECF9AD0000457C2 /* InfantCard */,
				BFBB9E281ECF358700DA1C37 /* MyOcto */,
				FA09E92B1ECBCCCF003AF8CE /* PickOne */,
				BFE07D221ED5F09A003FA4BA /* GotIt */,
				FA6A097B1ED15AAF000457C2 /* RootViewController.swift */,
				FA6A097F1ED15B47000457C2 /* LeftNavigationTableViewController.swift */,
				FA6A09831ED161B3000457C2 /* TabBarController.swift */,
			);
			name = ViewControllers;
			sourceTree = "<group>";
		};
		FA09E9291ECBCC41003AF8CE /* ControllerCells */ = {
			isa = PBXGroup;
			children = (
			);
			name = ControllerCells;
			sourceTree = "<group>";
		};
		FA09E92B1ECBCCCF003AF8CE /* PickOne */ = {
			isa = PBXGroup;
			children = (
				FA09E92C1ECBCCCF003AF8CE /* PickOneCollectionViewController.swift */,
				FA09E92E1ECBCCE4003AF8CE /* PickOneCollectionViewCell.swift */,
				FA6A096A1ECF6829000457C2 /* PickOneCollectionReusableView.swift */,
			);
			name = PickOne;
			path = ViewControllers/PickOne;
			sourceTree = "<group>";
		};
		FA4D3D4B1EE70CFB00B7CBE6 /* LeftNavControllers */ = {
			isa = PBXGroup;
			children = (
				BFE2C7E71EE99789004F20F0 /* SettingsTableViewController.swift */,
				FA4D3D4C1EE70CFB00B7CBE6 /* AboutViewController.swift */,
				BFE2C7E31EE74A18004F20F0 /* ContactViewController.swift */,
			);
			name = LeftNavControllers;
			path = ViewControllers/LeftNavControllers;
			sourceTree = "<group>";
		};
		FA6A096E1ECF88D6000457C2 /* Extensions */ = {
			isa = PBXGroup;
			children = (
				FA6A096F1ECF88D6000457C2 /* UIViewControllerExtension.swift */,
				FA6A09AE1EDDF474000457C2 /* CollectionExtension.swift */,
			);
			path = Extensions;
			sourceTree = "<group>";
		};
		FA6A09711ECF9AD0000457C2 /* InfantCard */ = {
			isa = PBXGroup;
			children = (
				FA6A09721ECF9AFA000457C2 /* InfantCardsViewController.swift */,
				FA6A09891ED73F31000457C2 /* InfantCardsPageViewController.swift */,
				FA6A098B1ED7767F000457C2 /* InfantContainerViewController.swift */,
				FA4D3D741EEA1B7900B7CBE6 /* CustomInfantCardViewController.swift */,
				FAE45A921EF3449300DA515A /* InfantCardCollectionViewController.swift */,
				BFD1C7961F44FD9D00B50984 /* UPCarouselFlowLayout.swift */,
				FAE45A941EF344A800DA515A /* InfantCardCollectionViewCell.swift */,
				FAE45A961EF344CC00DA515A /* InfantCardLayout.swift */,
			);
			name = InfantCard;
			sourceTree = "<group>";
		};
		FA6A09761ED158F4000457C2 /* External */ = {
			isa = PBXGroup;
			children = (
				FA6A09771ED158F4000457C2 /* SlideMenuController.swift */,
			);
			path = External;
			sourceTree = "<group>";
		};
/* End PBXGroup section */

/* Begin PBXNativeTarget section */
		BF00691C1EC4EAD0004DC195 /* Octo Cards */ = {
			isa = PBXNativeTarget;
			buildConfigurationList = BF0069311EC4EAD0004DC195 /* Build configuration list for PBXNativeTarget "Octo Cards" */;
			buildPhases = (
				BF0069191EC4EAD0004DC195 /* Sources */,
				BF00691A1EC4EAD0004DC195 /* Frameworks */,
				BF00691B1EC4EAD0004DC195 /* Resources */,
			);
			buildRules = (
			);
			dependencies = (
			);
			name = "Octo Cards";
			productName = "Octo Cards";
			productReference = BF00691D1EC4EAD0004DC195 /* Octo Cards.app */;
			productType = "com.apple.product-type.application";
		};
/* End PBXNativeTarget section */

/* Begin PBXProject section */
		BF0069151EC4EAD0004DC195 /* Project object */ = {
			isa = PBXProject;
			attributes = {
				LastSwiftUpdateCheck = 0830;
				LastUpgradeCheck = 0830;
				ORGANIZATIONNAME = OctoAcademy;
				TargetAttributes = {
					BF00691C1EC4EAD0004DC195 = {
						CreatedOnToolsVersion = 8.3.2;
						DevelopmentTeam = 6TWE9F9E5G;
						ProvisioningStyle = Automatic;
					};
				};
			};
			buildConfigurationList = BF0069181EC4EAD0004DC195 /* Build configuration list for PBXProject "Octo Cards" */;
			compatibilityVersion = "Xcode 3.2";
			developmentRegion = English;
			hasScannedForEncodings = 0;
			knownRegions = (
				en,
				Base,
			);
			mainGroup = BF0069141EC4EAD0004DC195;
			productRefGroup = BF00691E1EC4EAD0004DC195 /* Products */;
			projectDirPath = "";
			projectRoot = "";
			targets = (
				BF00691C1EC4EAD0004DC195 /* Octo Cards */,
			);
		};
/* End PBXProject section */

/* Begin PBXResourcesBuildPhase section */
		BF00691B1EC4EAD0004DC195 /* Resources */ = {
			isa = PBXResourcesBuildPhase;
			buildActionMask = 2147483647;
			files = (
				BF50237B1FBC08530001542D /* Playtime_Let'sTakeTurns.mp3 in Resources */,
				BF50238F1FBC08530001542D /* Playtime_WhatsYourName.mp3 in Resources */,
				BF50238C1FBC08530001542D /* Playtime_CrawlOver.mp3 in Resources */,
				FA6A097A1ED15A7A000457C2 /* Root.storyboard in Resources */,
				BF50237C1FBC08530001542D /* Playtime_PushToy.mp3 in Resources */,
				BF5023811FBC08530001542D /* Playtime_WhereAreYou.mp3 in Resources */,
				FA09E9181ECB990B003AF8CE /* GotIt.storyboard in Resources */,
				BF50238B1FBC08530001542D /* Playtime_PutAwayToys.mp3 in Resources */,
				BF5023881FBC08530001542D /* Playtime_Singing.mp3 in Resources */,
				BF5023891FBC08530001542D /* Playtime_WhyCrying.mp3 in Resources */,
				FA09E9161ECB98E7003AF8CE /* PickOne.storyboard in Resources */,
				BF00692D1EC4EAD0004DC195 /* LaunchScreen.storyboard in Resources */,
				BF5023971FBC08530001542D /* Playtime_WheresEye.mp3 in Resources */,
				BF5023481FB969F90001542D /* Bedtime_Goodnight.mp3 in Resources */,
				BF5023491FB969F90001542D /* Bedtime_AreYouWarm.mp3 in Resources */,
				BF50234A1FB969F90001542D /* Bedtime_ReadABook.mp3 in Resources */,
				BF5023911FBC08530001542D /* Playtime_Jump.mp3 in Resources */,
				BF50237D1FBC08530001542D /* Playtime_PlayBall.mp3 in Resources */,
				BF00692A1EC4EAD0004DC195 /* Assets.xcassets in Resources */,
				BF5023961FBC08530001542D /* Playtime_Dancing.mp3 in Resources */,
				BF5023781FBC08530001542D /* Playtime_CanNot.mp3 in Resources */,
				BF50237A1FBC08530001542D /* Playtime_WheresMom.mp3 in Resources */,
				BF5023841FBC08530001542D /* Playtime_ScissorRockCloth.mp3 in Resources */,
				BF50237F1FBC08530001542D /* Playtime_CatchBall.mp3 in Resources */,
				BF5023821FBC08530001542D /* Playtime_OneMoreStep.mp3 in Resources */,
				BF5023871FBC08530001542D /* Playtime_Fly.mp3 in Resources */,
				BF0069281EC4EAD0004DC195 /* Main.storyboard in Resources */,
				BF5023751FBC08530001542D /* Playtime_StandUp.mp3 in Resources */,
				BF50238A1FBC08530001542D /* Playtime_YouAreDrooling.mp3 in Resources */,
				FA09E9141ECB989A003AF8CE /* MyOcto.storyboard in Resources */,
				BF50234C1FB969F90001542D /* Bedtime_LookTheMoon.mp3 in Resources */,
				BF5023851FBC08530001542D /* Playtime_YourHeadHere.mp3 in Resources */,
				BF5023801FBC08530001542D /* Playtime_WantToJump.mp3 in Resources */,
				BF50234E1FB969F90001542D /* Bedtime_Quiet.mp3 in Resources */,
				BF50234B1FB969F90001542D /* Bedtime_PutAwayBook.mp3 in Resources */,
				BF5023931FBC08530001542D /* Playtime_WheresDad.mp3 in Resources */,
				FA6A097E1ED15B0A000457C2 /* LeftNavigation.storyboard in Resources */,
				FA6A09751ED11869000457C2 /* InfantCard.storyboard in Resources */,
				BF50238D1FBC08530001542D /* Playtime_ClapHands.mp3 in Resources */,
				FA09E90F1ECB968D003AF8CE /* Category.json in Resources */,
				BF5023921FBC08530001542D /* Playtime_YourNoseHere.mp3 in Resources */,
				BF5023831FBC08530001542D /* Playtime_WheresHead.mp3 in Resources */,
				BF5023951FBC08530001542D /* Playtime_TakeOutToys.mp3 in Resources */,
				BF5023901FBC08530001542D /* Playtime_WheresMouth.mp3 in Resources */,
				BF5023861FBC08530001542D /* Playtime_GiveMeToy.mp3 in Resources */,
				BF5023501FB969F90001542D /* Bedtime_TimeToSleep.mp3 in Resources */,
				BF5023941FBC08530001542D /* Playtime_ComeOver.mp3 in Resources */,
				BF5023511FB969F90001542D /* Bedtime_ChangeIntoPajamas.mp3 in Resources */,
				BF50234F1FB969F90001542D /* Bedtime_BrushYourTeeth.mp3 in Resources */,
				BF5023761FBC08530001542D /* Playtime_YourEyeHere.mp3 in Resources */,
				BF5023771FBC08530001542D /* Playtime_GoodJob.mp3 in Resources */,
				BF5023791FBC08530001542D /* Playtime_YourMouthHere.mp3 in Resources */,
				BF50237E1FBC08530001542D /* Playtime_WheresNose.mp3 in Resources */,
				BF50234D1FB969F90001542D /* Bedtime_TurnOffLights.mp3 in Resources */,
				BF50238E1FBC08530001542D /* Playtime_ThrowBall.mp3 in Resources */,
			);
			runOnlyForDeploymentPostprocessing = 0;
		};
/* End PBXResourcesBuildPhase section */

/* Begin PBXSourcesBuildPhase section */
		BF0069191EC4EAD0004DC195 /* Sources */ = {
			isa = PBXSourcesBuildPhase;
			buildActionMask = 2147483647;
			files = (
				FA6A09861ED48C73000457C2 /* MyOctoTableViewController.swift in Sources */,
				FA09E92D1ECBCCCF003AF8CE /* PickOneCollectionViewController.swift in Sources */,
				FA6A09841ED161B3000457C2 /* TabBarController.swift in Sources */,
				FA4D3D751EEA1B7900B7CBE6 /* CustomInfantCardViewController.swift in Sources */,
				FA09E9201ECBC05B003AF8CE /* Item.swift in Sources */,
				FA6A09701ECF88D6000457C2 /* UIViewControllerExtension.swift in Sources */,
				FA6A09781ED158F4000457C2 /* SlideMenuController.swift in Sources */,
				FA6A098A1ED73F31000457C2 /* InfantCardsPageViewController.swift in Sources */,
				FA6A098D1ED8ACBC000457C2 /* FileManager.swift in Sources */,
				FAE45A931EF3449300DA515A /* InfantCardCollectionViewController.swift in Sources */,
				FA6A09B11EDE00BE000457C2 /* Card.swift in Sources */,
				FA09E92F1ECBCCE4003AF8CE /* PickOneCollectionViewCell.swift in Sources */,
				FA6A098C1ED7767F000457C2 /* InfantContainerViewController.swift in Sources */,
				FA6A09AF1EDDF474000457C2 /* CollectionExtension.swift in Sources */,
				BFD1C7971F44FD9D00B50984 /* UPCarouselFlowLayout.swift in Sources */,
				FA6A09731ECF9AFA000457C2 /* InfantCardsViewController.swift in Sources */,
				FA09E9221ECBC21A003AF8CE /* Category.swift in Sources */,
				FA6A096B1ECF6829000457C2 /* PickOneCollectionReusableView.swift in Sources */,
				FAE45A971EF344CC00DA515A /* InfantCardLayout.swift in Sources */,
				BFE2C7E41EE74A18004F20F0 /* ContactViewController.swift in Sources */,
				FA6A09801ED15B47000457C2 /* LeftNavigationTableViewController.swift in Sources */,
				BFE2C7E81EE99789004F20F0 /* SettingsTableViewController.swift in Sources */,
				FAE45A951EF344A800DA515A /* InfantCardCollectionViewCell.swift in Sources */,
				BF0069351EC4F3AA004DC195 /* MyOctoViewCell.swift in Sources */,
				FA09E91E1ECBBF89003AF8CE /* SubCategory.swift in Sources */,
				FA4D3D4D1EE70CFB00B7CBE6 /* AboutViewController.swift in Sources */,
				FA6A097C1ED15AAF000457C2 /* RootViewController.swift in Sources */,
				BFE07D261ED5F837003FA4BA /* GotItCategoryTableViewController.swift in Sources */,
				BFBB9E2C1ECF393800DA1C37 /* OctoCard.swift in Sources */,
				BFE07D241ED5F14D003FA4BA /* GotItTableViewController.swift in Sources */,
				BF0069211EC4EAD0004DC195 /* AppDelegate.swift in Sources */,
				FA09E9251ECBC5B8003AF8CE /* CategoryManager.swift in Sources */,
			);
			runOnlyForDeploymentPostprocessing = 0;
		};
/* End PBXSourcesBuildPhase section */

/* Begin PBXVariantGroup section */
		BF0069261EC4EAD0004DC195 /* Main.storyboard */ = {
			isa = PBXVariantGroup;
			children = (
				BF0069271EC4EAD0004DC195 /* Base */,
			);
			name = Main.storyboard;
			sourceTree = "<group>";
		};
		BF00692B1EC4EAD0004DC195 /* LaunchScreen.storyboard */ = {
			isa = PBXVariantGroup;
			children = (
				BF00692C1EC4EAD0004DC195 /* Base */,
			);
			name = LaunchScreen.storyboard;
			sourceTree = "<group>";
		};
/* End PBXVariantGroup section */

/* Begin XCBuildConfiguration section */
		BF00692F1EC4EAD0004DC195 /* Debug */ = {
			isa = XCBuildConfiguration;
			buildSettings = {
				ALWAYS_SEARCH_USER_PATHS = NO;
				CLANG_ANALYZER_NONNULL = YES;
				CLANG_ANALYZER_NUMBER_OBJECT_CONVERSION = YES_AGGRESSIVE;
				CLANG_CXX_LANGUAGE_STANDARD = "gnu++0x";
				CLANG_CXX_LIBRARY = "libc++";
				CLANG_ENABLE_MODULES = YES;
				CLANG_ENABLE_OBJC_ARC = YES;
				CLANG_WARN_BOOL_CONVERSION = YES;
				CLANG_WARN_CONSTANT_CONVERSION = YES;
				CLANG_WARN_DIRECT_OBJC_ISA_USAGE = YES_ERROR;
				CLANG_WARN_DOCUMENTATION_COMMENTS = YES;
				CLANG_WARN_EMPTY_BODY = YES;
				CLANG_WARN_ENUM_CONVERSION = YES;
				CLANG_WARN_INFINITE_RECURSION = YES;
				CLANG_WARN_INT_CONVERSION = YES;
				CLANG_WARN_OBJC_ROOT_CLASS = YES_ERROR;
				CLANG_WARN_SUSPICIOUS_MOVE = YES;
				CLANG_WARN_UNREACHABLE_CODE = YES;
				CLANG_WARN__DUPLICATE_METHOD_MATCH = YES;
				"CODE_SIGN_IDENTITY[sdk=iphoneos*]" = "iPhone Developer";
				COPY_PHASE_STRIP = NO;
				DEBUG_INFORMATION_FORMAT = dwarf;
				ENABLE_STRICT_OBJC_MSGSEND = YES;
				ENABLE_TESTABILITY = YES;
				GCC_C_LANGUAGE_STANDARD = gnu99;
				GCC_DYNAMIC_NO_PIC = NO;
				GCC_NO_COMMON_BLOCKS = YES;
				GCC_OPTIMIZATION_LEVEL = 0;
				GCC_PREPROCESSOR_DEFINITIONS = (
					"DEBUG=1",
					"$(inherited)",
				);
				GCC_WARN_64_TO_32_BIT_CONVERSION = YES;
				GCC_WARN_ABOUT_RETURN_TYPE = YES_ERROR;
				GCC_WARN_UNDECLARED_SELECTOR = YES;
				GCC_WARN_UNINITIALIZED_AUTOS = YES_AGGRESSIVE;
				GCC_WARN_UNUSED_FUNCTION = YES;
				GCC_WARN_UNUSED_VARIABLE = YES;
				IPHONEOS_DEPLOYMENT_TARGET = 10.3;
				MTL_ENABLE_DEBUG_INFO = YES;
				ONLY_ACTIVE_ARCH = YES;
				SDKROOT = iphoneos;
				SWIFT_ACTIVE_COMPILATION_CONDITIONS = DEBUG;
				SWIFT_OPTIMIZATION_LEVEL = "-Onone";
				TARGETED_DEVICE_FAMILY = "1,2";
			};
			name = Debug;
		};
		BF0069301EC4EAD0004DC195 /* Release */ = {
			isa = XCBuildConfiguration;
			buildSettings = {
				ALWAYS_SEARCH_USER_PATHS = NO;
				CLANG_ANALYZER_NONNULL = YES;
				CLANG_ANALYZER_NUMBER_OBJECT_CONVERSION = YES_AGGRESSIVE;
				CLANG_CXX_LANGUAGE_STANDARD = "gnu++0x";
				CLANG_CXX_LIBRARY = "libc++";
				CLANG_ENABLE_MODULES = YES;
				CLANG_ENABLE_OBJC_ARC = YES;
				CLANG_WARN_BOOL_CONVERSION = YES;
				CLANG_WARN_CONSTANT_CONVERSION = YES;
				CLANG_WARN_DIRECT_OBJC_ISA_USAGE = YES_ERROR;
				CLANG_WARN_DOCUMENTATION_COMMENTS = YES;
				CLANG_WARN_EMPTY_BODY = YES;
				CLANG_WARN_ENUM_CONVERSION = YES;
				CLANG_WARN_INFINITE_RECURSION = YES;
				CLANG_WARN_INT_CONVERSION = YES;
				CLANG_WARN_OBJC_ROOT_CLASS = YES_ERROR;
				CLANG_WARN_SUSPICIOUS_MOVE = YES;
				CLANG_WARN_UNREACHABLE_CODE = YES;
				CLANG_WARN__DUPLICATE_METHOD_MATCH = YES;
				"CODE_SIGN_IDENTITY[sdk=iphoneos*]" = "iPhone Developer";
				COPY_PHASE_STRIP = NO;
				DEBUG_INFORMATION_FORMAT = "dwarf-with-dsym";
				ENABLE_NS_ASSERTIONS = NO;
				ENABLE_STRICT_OBJC_MSGSEND = YES;
				GCC_C_LANGUAGE_STANDARD = gnu99;
				GCC_NO_COMMON_BLOCKS = YES;
				GCC_WARN_64_TO_32_BIT_CONVERSION = YES;
				GCC_WARN_ABOUT_RETURN_TYPE = YES_ERROR;
				GCC_WARN_UNDECLARED_SELECTOR = YES;
				GCC_WARN_UNINITIALIZED_AUTOS = YES_AGGRESSIVE;
				GCC_WARN_UNUSED_FUNCTION = YES;
				GCC_WARN_UNUSED_VARIABLE = YES;
				IPHONEOS_DEPLOYMENT_TARGET = 10.3;
				MTL_ENABLE_DEBUG_INFO = NO;
				SDKROOT = iphoneos;
				SWIFT_OPTIMIZATION_LEVEL = "-Owholemodule";
				TARGETED_DEVICE_FAMILY = "1,2";
				VALIDATE_PRODUCT = YES;
			};
			name = Release;
		};
		BF0069321EC4EAD0004DC195 /* Debug */ = {
			isa = XCBuildConfiguration;
			buildSettings = {
				ASSETCATALOG_COMPILER_APPICON_NAME = AppIcon;
				CODE_SIGN_IDENTITY = "";
				"CODE_SIGN_IDENTITY[sdk=iphoneos*]" = "iPhone Developer";
				DEVELOPMENT_TEAM = 6TWE9F9E5G;
				INFOPLIST_FILE = "Octo Cards/Info.plist";
				IPHONEOS_DEPLOYMENT_TARGET = 10.3;
				LD_RUNPATH_SEARCH_PATHS = "$(inherited) @executable_path/Frameworks";
				PRODUCT_BUNDLE_IDENTIFIER = "com.OctoAcademy.Octo-Cards2";
				PRODUCT_NAME = "$(TARGET_NAME)";
				PROVISIONING_PROFILE_SPECIFIER = "";
				SWIFT_VERSION = 3.0;
			};
			name = Debug;
		};
		BF0069331EC4EAD0004DC195 /* Release */ = {
			isa = XCBuildConfiguration;
			buildSettings = {
				ASSETCATALOG_COMPILER_APPICON_NAME = AppIcon;
				"CODE_SIGN_IDENTITY[sdk=iphoneos*]" = "iPhone Developer";
				DEVELOPMENT_TEAM = 6TWE9F9E5G;
				INFOPLIST_FILE = "Octo Cards/Info.plist";
				IPHONEOS_DEPLOYMENT_TARGET = 10.3;
				LD_RUNPATH_SEARCH_PATHS = "$(inherited) @executable_path/Frameworks";
				PRODUCT_BUNDLE_IDENTIFIER = "com.OctoAcademy.Octo-Cards2";
				PRODUCT_NAME = "$(TARGET_NAME)";
				PROVISIONING_PROFILE_SPECIFIER = "";
				SWIFT_VERSION = 3.0;
			};
			name = Release;
		};
/* End XCBuildConfiguration section */

/* Begin XCConfigurationList section */
		BF0069181EC4EAD0004DC195 /* Build configuration list for PBXProject "Octo Cards" */ = {
			isa = XCConfigurationList;
			buildConfigurations = (
				BF00692F1EC4EAD0004DC195 /* Debug */,
				BF0069301EC4EAD0004DC195 /* Release */,
			);
			defaultConfigurationIsVisible = 0;
			defaultConfigurationName = Release;
		};
		BF0069311EC4EAD0004DC195 /* Build configuration list for PBXNativeTarget "Octo Cards" */ = {
			isa = XCConfigurationList;
			buildConfigurations = (
				BF0069321EC4EAD0004DC195 /* Debug */,
				BF0069331EC4EAD0004DC195 /* Release */,
			);
			defaultConfigurationIsVisible = 0;
			defaultConfigurationName = Release;
		};
/* End XCConfigurationList section */
	};
	rootObject = BF0069151EC4EAD0004DC195 /* Project object */;
}
